
Microsoft Visual Studio Solution File, Format Version 12.00
# Visual Studio Version 17
VisualStudioVersion = 17.14.36518.9 d17.14
MinimumVisualStudioVersion = 10.0.40219.1
Project("{FAE04EC0-301F-11D3-BF4B-00C04F79EFBC}") = "foreach", "foreach\foreach.csproj", "{76740B3F-5769-4A6A-9D34-908847B77E0F}"
EndProject
Global
	GlobalSection(SolutionConfigurationPlatforms) = preSolution
		Debug|Any CPU = Debug|Any CPU
		Release|Any CPU = Release|Any CPU
	EndGlobalSection
	GlobalSection(ProjectConfigurationPlatforms) = postSolution
		{76740B3F-5769-4A6A-9D34-908847B77E0F}.Debug|Any CPU.ActiveCfg = Debug|Any CPU
		{76740B3F-5769-4A6A-9D34-908847B77E0F}.Debug|Any CPU.Build.0 = Debug|Any CPU
		{76740B3F-5769-4A6A-9D34-908847B77E0F}.Release|Any CPU.ActiveCfg = Release|Any CPU
		{76740B3F-5769-4A6A-9D34-908847B77E0F}.Release|Any CPU.Build.0 = Release|Any CPU
	EndGlobalSection
	GlobalSection(SolutionProperties) = preSolution
		HideSolutionNode = FALSE
	EndGlobalSection
	GlobalSection(ExtensibilityGlobals) = postSolution
		SolutionGuid = {F5BC7BB1-C72B-44A8-B724-AFB58F514C72}
	EndGlobalSection
EndGlobal
