
Microsoft Visual Studio Solution File, Format Version 12.00
# Visual Studio Version 17
VisualStudioVersion = 17.14.36518.9 d17.14
MinimumVisualStudioVersion = 10.0.40219.1
Project("{FAE04EC0-301F-11D3-BF4B-00C04F79EFBC}") = "Field&Property", "Field&Property\Field&Property.csproj", "{A7EE92D9-34EE-47E1-864F-AF0DB02C7DB4}"
EndProject
Global
	GlobalSection(SolutionConfigurationPlatforms) = preSolution
		Debug|Any CPU = Debug|Any CPU
		Release|Any CPU = Release|Any CPU
	EndGlobalSection
	GlobalSection(ProjectConfigurationPlatforms) = postSolution
		{A7EE92D9-34EE-47E1-864F-AF0DB02C7DB4}.Debug|Any CPU.ActiveCfg = Debug|Any CPU
		{A7EE92D9-34EE-47E1-864F-AF0DB02C7DB4}.Debug|Any CPU.Build.0 = Debug|Any CPU
		{A7EE92D9-34EE-47E1-864F-AF0DB02C7DB4}.Release|Any CPU.ActiveCfg = Release|Any CPU
		{A7EE92D9-34EE-47E1-864F-AF0DB02C7DB4}.Release|Any CPU.Build.0 = Release|Any CPU
	EndGlobalSection
	GlobalSection(SolutionProperties) = preSolution
		HideSolutionNode = FALSE
	EndGlobalSection
	GlobalSection(ExtensibilityGlobals) = postSolution
		SolutionGuid = {BFBFDA18-1761-4AC1-83AF-65610A19F2BD}
	EndGlobalSection
EndGlobal
