
Microsoft Visual Studio Solution File, Format Version 12.00
# Visual Studio Version 17
VisualStudioVersion = 17.14.36518.9 d17.14
MinimumVisualStudioVersion = 10.0.40219.1
Project("{FAE04EC0-301F-11D3-BF4B-00C04F79EFBC}") = "while", "while\while.csproj", "{89F1746E-FD18-464C-A1F1-7C2621866A47}"
EndProject
Global
	GlobalSection(SolutionConfigurationPlatforms) = preSolution
		Debug|Any CPU = Debug|Any CPU
		Release|Any CPU = Release|Any CPU
	EndGlobalSection
	GlobalSection(ProjectConfigurationPlatforms) = postSolution
		{89F1746E-FD18-464C-A1F1-7C2621866A47}.Debug|Any CPU.ActiveCfg = Debug|Any CPU
		{89F1746E-FD18-464C-A1F1-7C2621866A47}.Debug|Any CPU.Build.0 = Debug|Any CPU
		{89F1746E-FD18-464C-A1F1-7C2621866A47}.Release|Any CPU.ActiveCfg = Release|Any CPU
		{89F1746E-FD18-464C-A1F1-7C2621866A47}.Release|Any CPU.Build.0 = Release|Any CPU
	EndGlobalSection
	GlobalSection(SolutionProperties) = preSolution
		HideSolutionNode = FALSE
	EndGlobalSection
	GlobalSection(ExtensibilityGlobals) = postSolution
		SolutionGuid = {1C15A97C-6C5E-4B96-8D2A-78929F76FE23}
	EndGlobalSection
EndGlobal
